# THIS IS AN AUTOGENERATED FILE. DO NOT EDIT THIS FILE DIRECTLY.
# yarn lockfile v1


hamsterjs@^1.1.2:
  version "1.1.2"
  resolved "https://registry.yarnpkg.com/hamsterjs/-/hamsterjs-1.1.2.tgz#b11eeafa6c2afab86ae891bceac82b1201787d2d"

lodash@^4.17.4:
  version "4.17.4"
  resolved "https://registry.yarnpkg.com/lodash/-/lodash-4.17.4.tgz#78203a4d1c328ae1d86dca6460e369b57f4055ae"

performance-now@^2.1.0:
  version "2.1.0"
  resolved "https://registry.yarnpkg.com/performance-now/-/performance-now-2.1.0.tgz#6309f4e0e5fa913ec1c69307ae364b4b377c9e7b"

raf@^3.3.0:
  version "3.3.2"
  resolved "https://registry.yarnpkg.com/raf/-/raf-3.3.2.tgz#0c13be0b5b49b46f76d6669248d527cf2b02fe27"
  dependencies:
    performance-now "^2.1.0"

suwa@^0.0.3:
  version "0.0.3"
  resolved "https://registry.yarnpkg.com/suwa/-/suwa-0.0.3.tgz#723c6d061e2f8f8f32a36e7684b1021b58947edd"
  dependencies:
    hamsterjs "^1.1.2"
    lodash "^4.17.4"
    raf "^3.3.0"
